
Microsoft Visual Studio Solution File, Format Version 12.00
# Visual Studio Version 17
VisualStudioVersion = 17.12.35521.163 d17.12
MinimumVisualStudioVersion = 10.0.40219.1
Project("{888888A0-9F3D-457C-B088-3A5042F75D52}") = "Portfolio1", "Portfolio1\Portfolio1.pyproj", "{4D824C7A-44F1-475D-8D81-BB4415C38813}"
EndProject
Global
	GlobalSection(SolutionConfigurationPlatforms) = preSolution
		Debug|Any CPU = Debug|Any CPU
		Release|Any CPU = Release|Any CPU
	EndGlobalSection
	GlobalSection(ProjectConfigurationPlatforms) = postSolution
		{4D824C7A-44F1-475D-8D81-BB4415C38813}.Debug|Any CPU.ActiveCfg = Debug|Any CPU
		{4D824C7A-44F1-475D-8D81-BB4415C38813}.Debug|Any CPU.Build.0 = Debug|Any CPU
		{4D824C7A-44F1-475D-8D81-BB4415C38813}.Release|Any CPU.ActiveCfg = Release|Any CPU
		{4D824C7A-44F1-475D-8D81-BB4415C38813}.Release|Any CPU.Build.0 = Release|Any CPU
	EndGlobalSection
	GlobalSection(SolutionProperties) = preSolution
		HideSolutionNode = FALSE
	EndGlobalSection
EndGlobal
